
Microsoft Visual Studio Solution File, Format Version 12.00
# Visual Studio Version 17
VisualStudioVersion = 17.0.31903.59
MinimumVisualStudioVersion = 10.0.40219.1
Project("{2150E333-8FDC-42A3-9474-1A3956D46DE8}") = "src", "src", "{F10CDF56-C200-4836-8CC2-355EFFD00EE8}"
EndProject
Project("{FAE04EC0-301F-11D3-BF4B-00C04F79EFBC}") = "BingehOS.Shared", "src\BingehOS.Shared\BingehOS.Shared.csproj", "{5A32A446-F7AD-4917-88B7-BB1E89F8FE27}"
EndProject
Project("{2150E333-8FDC-42A3-9474-1A3956D46DE8}") = "tests", "tests", "{873BCBDD-0455-4D05-928A-28485498178A}"
EndProject
Project("{FAE04EC0-301F-11D3-BF4B-00C04F79EFBC}") = "BingehOS.UnitTests", "tests\BingehOS.UnitTests\BingehOS.UnitTests.csproj", "{04F19BA9-C59D-462E-A402-E37A6023ADF5}"
EndProject
Project("{FAE04EC0-301F-11D3-BF4B-00C04F79EFBC}") = "BingehOS.Infrastructure", "src\BingehOS.Infrastructure\BingehOS.Infrastructure.csproj", "{8D1515F6-BCB1-4ACF-AF0E-4B2D970815D1}"
EndProject
Project("{2150E333-8FDC-42A3-9474-1A3956D46DE8}") = "modules", "modules", "{E4336425-9919-430E-912E-B98D85E3C7B3}"
EndProject
Project("{FAE04EC0-301F-11D3-BF4B-00C04F79EFBC}") = "BingehOS.Modules.Maintenance", "src\modules\Maintenance\BingehOS.Modules.Maintenance.csproj", "{7A7B4783-89EF-4B95-B1B1-12FD854D496F}"
EndProject
Project("{2150E333-8FDC-42A3-9474-1A3956D46DE8}") = "BingehOS.Api", "BingehOS.Api", "{E3D65C26-F745-40BE-BAD6-2BA0C0A50E22}"
EndProject
Project("{FAE04EC0-301F-11D3-BF4B-00C04F79EFBC}") = "BingehOS.Api", "src\BingehOS.Api\BingehOS.Api\BingehOS.Api.csproj", "{4886EEA4-5933-4D41-B96D-417FA510DFC9}"
EndProject
Project("{FAE04EC0-301F-11D3-BF4B-00C04F79EFBC}") = "BingehOS.Modules.Maintenance.Domain", "src\modules\Maintenance.Domain\BingehOS.Modules.Maintenance.Domain.csproj", "{69F6C64C-C369-42D3-ABB9-F8C12091E338}"
EndProject
Project("{2150E333-8FDC-42A3-9474-1A3956D46DE8}") = "BingehOS.IntegrationTests", "BingehOS.IntegrationTests", "{5B037D81-FF81-4098-90EE-2A41B28C7A47}"
EndProject
Project("{FAE04EC0-301F-11D3-BF4B-00C04F79EFBC}") = "BingehOS.IntegrationTests", "tests\BingehOS.IntegrationTests\BingehOS.IntegrationTests\BingehOS.IntegrationTests.csproj", "{074B2D6D-1D96-4B29-80FC-0FA494CE1027}"
EndProject
Project("{FAE04EC0-301F-11D3-BF4B-00C04F79EFBC}") = "BingehOS.Modules.Asset.Domain", "src\modules\Asset.Domain\BingehOS.Modules.Asset.Domain.csproj", "{0E4545A9-493C-4EA3-A5E0-BF5900C2F1BA}"
EndProject
Project("{FAE04EC0-301F-11D3-BF4B-00C04F79EFBC}") = "BingehOS.Modules.Asset", "src\modules\Asset\BingehOS.Modules.Asset.csproj", "{1102C256-B2A3-4EAF-883B-A3585C7DE2BE}"
EndProject
Project("{FAE04EC0-301F-11D3-BF4B-00C04F79EFBC}") = "BingehOS.Modules.Facility.Domain", "src\modules\Facility.Domain\BingehOS.Modules.Facility.Domain.csproj", "{6EE7E47D-464B-4B0A-A59E-4FAD81A49251}"
EndProject
Project("{FAE04EC0-301F-11D3-BF4B-00C04F79EFBC}") = "BingehOS.Modules.Facility", "src\modules\Facility\BingehOS.Modules.Facility.csproj", "{8FF5BAC9-CD74-4CB2-858B-E0E68C4DCE3F}"
EndProject
Project("{FAE04EC0-301F-11D3-BF4B-00C04F79EFBC}") = "BingehOS.Modules.Inventory.Domain", "src\modules\Inventory.Domain\BingehOS.Modules.Inventory.Domain.csproj", "{4B140AB8-7739-4B1A-9479-77185DEF6AC5}"
EndProject
Project("{FAE04EC0-301F-11D3-BF4B-00C04F79EFBC}") = "BingehOS.Modules.Inventory", "src\modules\Inventory\BingehOS.Modules.Inventory.csproj", "{F61B7391-CF6E-4D1A-97B0-8CFFD37096C5}"
EndProject
Project("{FAE04EC0-301F-11D3-BF4B-00C04F79EFBC}") = "BingehOS.Modules.Vendor.Domain", "src\modules\Vendor.Domain\BingehOS.Modules.Vendor.Domain.csproj", "{A2134BFD-4731-4580-AD1D-16BB630D21EC}"
EndProject
Project("{FAE04EC0-301F-11D3-BF4B-00C04F79EFBC}") = "BingehOS.Modules.Vendor", "src\modules\Vendor\BingehOS.Modules.Vendor.csproj", "{BA0FECA4-2182-4097-B441-83C61B203411}"
EndProject
Project("{FAE04EC0-301F-11D3-BF4B-00C04F79EFBC}") = "BingehOS.Modules.HSE.Domain", "src\modules\HSE.Domain\BingehOS.Modules.HSE.Domain.csproj", "{CC6B25DB-F5A4-411E-8BF5-9AF21BCB4F24}"
EndProject
Project("{FAE04EC0-301F-11D3-BF4B-00C04F79EFBC}") = "BingehOS.Modules.HSE", "src\modules\HSE\BingehOS.Modules.HSE.csproj", "{20B970FA-536E-4718-AB22-612CD1D72DC2}"
EndProject
Project("{FAE04EC0-301F-11D3-BF4B-00C04F79EFBC}") = "BingehOS.Modules.Personnel.Domain", "src\modules\Personnel.Domain\BingehOS.Modules.Personnel.Domain.csproj", "{F9B60E6C-4EEC-4136-81C3-D79BAA1F12C8}"
EndProject
Project("{FAE04EC0-301F-11D3-BF4B-00C04F79EFBC}") = "BingehOS.Modules.Personnel", "src\modules\Personnel\BingehOS.Modules.Personnel.csproj", "{5AA80C9E-C449-4D5D-89DE-5199DF1E668A}"
EndProject
Project("{FAE04EC0-301F-11D3-BF4B-00C04F79EFBC}") = "BingehOS.Modules.Finance.Domain", "src\modules\Finance.Domain\BingehOS.Modules.Finance.Domain.csproj", "{589FC66C-1B52-4B23-B9D2-50F9FC072DB4}"
EndProject
Project("{FAE04EC0-301F-11D3-BF4B-00C04F79EFBC}") = "BingehOS.Modules.Finance", "src\modules\Finance\BingehOS.Modules.Finance.csproj", "{EE975C58-AFD0-4070-AB6C-67A646E3A6DA}"
EndProject
Project("{FAE04EC0-301F-11D3-BF4B-00C04F79EFBC}") = "BingehOS.Modules.Compliance.Domain", "src\modules\Compliance.Domain\BingehOS.Modules.Compliance.Domain.csproj", "{B671760F-DA81-48AF-8049-29DDC25B75C3}"
EndProject
Project("{FAE04EC0-301F-11D3-BF4B-00C04F79EFBC}") = "BingehOS.Modules.Compliance", "src\modules\Compliance\BingehOS.Modules.Compliance.csproj", "{C7075680-06A0-48A1-B664-E89726153EBA}"
EndProject
Global
	GlobalSection(SolutionConfigurationPlatforms) = preSolution
		Debug|Any CPU = Debug|Any CPU
		Release|Any CPU = Release|Any CPU
	EndGlobalSection
	GlobalSection(SolutionProperties) = preSolution
		HideSolutionNode = FALSE
	EndGlobalSection
	GlobalSection(ProjectConfigurationPlatforms) = postSolution
		{5A32A446-F7AD-4917-88B7-BB1E89F8FE27}.Debug|Any CPU.ActiveCfg = Debug|Any CPU
		{5A32A446-F7AD-4917-88B7-BB1E89F8FE27}.Debug|Any CPU.Build.0 = Debug|Any CPU
		{5A32A446-F7AD-4917-88B7-BB1E89F8FE27}.Release|Any CPU.ActiveCfg = Release|Any CPU
		{5A32A446-F7AD-4917-88B7-BB1E89F8FE27}.Release|Any CPU.Build.0 = Release|Any CPU
		{04F19BA9-C59D-462E-A402-E37A6023ADF5}.Debug|Any CPU.ActiveCfg = Debug|Any CPU
		{04F19BA9-C59D-462E-A402-E37A6023ADF5}.Debug|Any CPU.Build.0 = Debug|Any CPU
		{04F19BA9-C59D-462E-A402-E37A6023ADF5}.Release|Any CPU.ActiveCfg = Release|Any CPU
		{04F19BA9-C59D-462E-A402-E37A6023ADF5}.Release|Any CPU.Build.0 = Release|Any CPU
		{8D1515F6-BCB1-4ACF-AF0E-4B2D970815D1}.Debug|Any CPU.ActiveCfg = Debug|Any CPU
		{8D1515F6-BCB1-4ACF-AF0E-4B2D970815D1}.Debug|Any CPU.Build.0 = Debug|Any CPU
		{8D1515F6-BCB1-4ACF-AF0E-4B2D970815D1}.Release|Any CPU.ActiveCfg = Release|Any CPU
		{8D1515F6-BCB1-4ACF-AF0E-4B2D970815D1}.Release|Any CPU.Build.0 = Release|Any CPU
		{7A7B4783-89EF-4B95-B1B1-12FD854D496F}.Debug|Any CPU.ActiveCfg = Debug|Any CPU
		{7A7B4783-89EF-4B95-B1B1-12FD854D496F}.Debug|Any CPU.Build.0 = Debug|Any CPU
		{7A7B4783-89EF-4B95-B1B1-12FD854D496F}.Release|Any CPU.ActiveCfg = Release|Any CPU
		{7A7B4783-89EF-4B95-B1B1-12FD854D496F}.Release|Any CPU.Build.0 = Release|Any CPU
		{4886EEA4-5933-4D41-B96D-417FA510DFC9}.Debug|Any CPU.ActiveCfg = Debug|Any CPU
		{4886EEA4-5933-4D41-B96D-417FA510DFC9}.Debug|Any CPU.Build.0 = Debug|Any CPU
		{4886EEA4-5933-4D41-B96D-417FA510DFC9}.Release|Any CPU.ActiveCfg = Release|Any CPU
		{4886EEA4-5933-4D41-B96D-417FA510DFC9}.Release|Any CPU.Build.0 = Release|Any CPU
		{69F6C64C-C369-42D3-ABB9-F8C12091E338}.Debug|Any CPU.ActiveCfg = Debug|Any CPU
		{69F6C64C-C369-42D3-ABB9-F8C12091E338}.Debug|Any CPU.Build.0 = Debug|Any CPU
		{69F6C64C-C369-42D3-ABB9-F8C12091E338}.Release|Any CPU.ActiveCfg = Release|Any CPU
		{69F6C64C-C369-42D3-ABB9-F8C12091E338}.Release|Any CPU.Build.0 = Release|Any CPU
		{074B2D6D-1D96-4B29-80FC-0FA494CE1027}.Debug|Any CPU.ActiveCfg = Debug|Any CPU
		{074B2D6D-1D96-4B29-80FC-0FA494CE1027}.Debug|Any CPU.Build.0 = Debug|Any CPU
		{074B2D6D-1D96-4B29-80FC-0FA494CE1027}.Release|Any CPU.ActiveCfg = Release|Any CPU
		{074B2D6D-1D96-4B29-80FC-0FA494CE1027}.Release|Any CPU.Build.0 = Release|Any CPU
		{0E4545A9-493C-4EA3-A5E0-BF5900C2F1BA}.Debug|Any CPU.ActiveCfg = Debug|Any CPU
		{0E4545A9-493C-4EA3-A5E0-BF5900C2F1BA}.Debug|Any CPU.Build.0 = Debug|Any CPU
		{0E4545A9-493C-4EA3-A5E0-BF5900C2F1BA}.Release|Any CPU.ActiveCfg = Release|Any CPU
		{0E4545A9-493C-4EA3-A5E0-BF5900C2F1BA}.Release|Any CPU.Build.0 = Release|Any CPU
		{1102C256-B2A3-4EAF-883B-A3585C7DE2BE}.Debug|Any CPU.ActiveCfg = Debug|Any CPU
		{1102C256-B2A3-4EAF-883B-A3585C7DE2BE}.Debug|Any CPU.Build.0 = Debug|Any CPU
		{1102C256-B2A3-4EAF-883B-A3585C7DE2BE}.Release|Any CPU.ActiveCfg = Release|Any CPU
		{1102C256-B2A3-4EAF-883B-A3585C7DE2BE}.Release|Any CPU.Build.0 = Release|Any CPU
		{6EE7E47D-464B-4B0A-A59E-4FAD81A49251}.Debug|Any CPU.ActiveCfg = Debug|Any CPU
		{6EE7E47D-464B-4B0A-A59E-4FAD81A49251}.Debug|Any CPU.Build.0 = Debug|Any CPU
		{6EE7E47D-464B-4B0A-A59E-4FAD81A49251}.Release|Any CPU.ActiveCfg = Release|Any CPU
		{6EE7E47D-464B-4B0A-A59E-4FAD81A49251}.Release|Any CPU.Build.0 = Release|Any CPU
		{8FF5BAC9-CD74-4CB2-858B-E0E68C4DCE3F}.Debug|Any CPU.ActiveCfg = Debug|Any CPU
		{8FF5BAC9-CD74-4CB2-858B-E0E68C4DCE3F}.Debug|Any CPU.Build.0 = Debug|Any CPU
		{8FF5BAC9-CD74-4CB2-858B-E0E68C4DCE3F}.Release|Any CPU.ActiveCfg = Release|Any CPU
		{8FF5BAC9-CD74-4CB2-858B-E0E68C4DCE3F}.Release|Any CPU.Build.0 = Release|Any CPU
		{4B140AB8-7739-4B1A-9479-77185DEF6AC5}.Debug|Any CPU.ActiveCfg = Debug|Any CPU
		{4B140AB8-7739-4B1A-9479-77185DEF6AC5}.Debug|Any CPU.Build.0 = Debug|Any CPU
		{4B140AB8-7739-4B1A-9479-77185DEF6AC5}.Release|Any CPU.ActiveCfg = Release|Any CPU
		{4B140AB8-7739-4B1A-9479-77185DEF6AC5}.Release|Any CPU.Build.0 = Release|Any CPU
		{F61B7391-CF6E-4D1A-97B0-8CFFD37096C5}.Debug|Any CPU.ActiveCfg = Debug|Any CPU
		{F61B7391-CF6E-4D1A-97B0-8CFFD37096C5}.Debug|Any CPU.Build.0 = Debug|Any CPU
		{F61B7391-CF6E-4D1A-97B0-8CFFD37096C5}.Release|Any CPU.ActiveCfg = Release|Any CPU
		{F61B7391-CF6E-4D1A-97B0-8CFFD37096C5}.Release|Any CPU.Build.0 = Release|Any CPU
		{A2134BFD-4731-4580-AD1D-16BB630D21EC}.Debug|Any CPU.ActiveCfg = Debug|Any CPU
		{A2134BFD-4731-4580-AD1D-16BB630D21EC}.Debug|Any CPU.Build.0 = Debug|Any CPU
		{A2134BFD-4731-4580-AD1D-16BB630D21EC}.Release|Any CPU.ActiveCfg = Release|Any CPU
		{A2134BFD-4731-4580-AD1D-16BB630D21EC}.Release|Any CPU.Build.0 = Release|Any CPU
		{BA0FECA4-2182-4097-B441-83C61B203411}.Debug|Any CPU.ActiveCfg = Debug|Any CPU
		{BA0FECA4-2182-4097-B441-83C61B203411}.Debug|Any CPU.Build.0 = Debug|Any CPU
		{BA0FECA4-2182-4097-B441-83C61B203411}.Release|Any CPU.ActiveCfg = Release|Any CPU
		{BA0FECA4-2182-4097-B441-83C61B203411}.Release|Any CPU.Build.0 = Release|Any CPU
		{CC6B25DB-F5A4-411E-8BF5-9AF21BCB4F24}.Debug|Any CPU.ActiveCfg = Debug|Any CPU
		{CC6B25DB-F5A4-411E-8BF5-9AF21BCB4F24}.Debug|Any CPU.Build.0 = Debug|Any CPU
		{CC6B25DB-F5A4-411E-8BF5-9AF21BCB4F24}.Release|Any CPU.ActiveCfg = Release|Any CPU
		{CC6B25DB-F5A4-411E-8BF5-9AF21BCB4F24}.Release|Any CPU.Build.0 = Release|Any CPU
		{20B970FA-536E-4718-AB22-612CD1D72DC2}.Debug|Any CPU.ActiveCfg = Debug|Any CPU
		{20B970FA-536E-4718-AB22-612CD1D72DC2}.Debug|Any CPU.Build.0 = Debug|Any CPU
		{20B970FA-536E-4718-AB22-612CD1D72DC2}.Release|Any CPU.ActiveCfg = Release|Any CPU
		{20B970FA-536E-4718-AB22-612CD1D72DC2}.Release|Any CPU.Build.0 = Release|Any CPU
		{F9B60E6C-4EEC-4136-81C3-D79BAA1F12C8}.Debug|Any CPU.ActiveCfg = Debug|Any CPU
		{F9B60E6C-4EEC-4136-81C3-D79BAA1F12C8}.Debug|Any CPU.Build.0 = Debug|Any CPU
		{F9B60E6C-4EEC-4136-81C3-D79BAA1F12C8}.Release|Any CPU.ActiveCfg = Release|Any CPU
		{F9B60E6C-4EEC-4136-81C3-D79BAA1F12C8}.Release|Any CPU.Build.0 = Release|Any CPU
		{5AA80C9E-C449-4D5D-89DE-5199DF1E668A}.Debug|Any CPU.ActiveCfg = Debug|Any CPU
		{5AA80C9E-C449-4D5D-89DE-5199DF1E668A}.Debug|Any CPU.Build.0 = Debug|Any CPU
		{5AA80C9E-C449-4D5D-89DE-5199DF1E668A}.Release|Any CPU.ActiveCfg = Release|Any CPU
		{5AA80C9E-C449-4D5D-89DE-5199DF1E668A}.Release|Any CPU.Build.0 = Release|Any CPU
		{589FC66C-1B52-4B23-B9D2-50F9FC072DB4}.Debug|Any CPU.ActiveCfg = Debug|Any CPU
		{589FC66C-1B52-4B23-B9D2-50F9FC072DB4}.Debug|Any CPU.Build.0 = Debug|Any CPU
		{589FC66C-1B52-4B23-B9D2-50F9FC072DB4}.Release|Any CPU.ActiveCfg = Release|Any CPU
		{589FC66C-1B52-4B23-B9D2-50F9FC072DB4}.Release|Any CPU.Build.0 = Release|Any CPU
		{EE975C58-AFD0-4070-AB6C-67A646E3A6DA}.Debug|Any CPU.ActiveCfg = Debug|Any CPU
		{EE975C58-AFD0-4070-AB6C-67A646E3A6DA}.Debug|Any CPU.Build.0 = Debug|Any CPU
		{EE975C58-AFD0-4070-AB6C-67A646E3A6DA}.Release|Any CPU.ActiveCfg = Release|Any CPU
		{EE975C58-AFD0-4070-AB6C-67A646E3A6DA}.Release|Any CPU.Build.0 = Release|Any CPU
		{B671760F-DA81-48AF-8049-29DDC25B75C3}.Debug|Any CPU.ActiveCfg = Debug|Any CPU
		{B671760F-DA81-48AF-8049-29DDC25B75C3}.Debug|Any CPU.Build.0 = Debug|Any CPU
		{B671760F-DA81-48AF-8049-29DDC25B75C3}.Release|Any CPU.ActiveCfg = Release|Any CPU
		{B671760F-DA81-48AF-8049-29DDC25B75C3}.Release|Any CPU.Build.0 = Release|Any CPU
		{C7075680-06A0-48A1-B664-E89726153EBA}.Debug|Any CPU.ActiveCfg = Debug|Any CPU
		{C7075680-06A0-48A1-B664-E89726153EBA}.Debug|Any CPU.Build.0 = Debug|Any CPU
		{C7075680-06A0-48A1-B664-E89726153EBA}.Release|Any CPU.ActiveCfg = Release|Any CPU
		{C7075680-06A0-48A1-B664-E89726153EBA}.Release|Any CPU.Build.0 = Release|Any CPU
	EndGlobalSection
	GlobalSection(NestedProjects) = preSolution
		{5A32A446-F7AD-4917-88B7-BB1E89F8FE27} = {F10CDF56-C200-4836-8CC2-355EFFD00EE8}
		{04F19BA9-C59D-462E-A402-E37A6023ADF5} = {873BCBDD-0455-4D05-928A-28485498178A}
		{8D1515F6-BCB1-4ACF-AF0E-4B2D970815D1} = {F10CDF56-C200-4836-8CC2-355EFFD00EE8}
		{E4336425-9919-430E-912E-B98D85E3C7B3} = {F10CDF56-C200-4836-8CC2-355EFFD00EE8}
		{7A7B4783-89EF-4B95-B1B1-12FD854D496F} = {E4336425-9919-430E-912E-B98D85E3C7B3}
		{E3D65C26-F745-40BE-BAD6-2BA0C0A50E22} = {F10CDF56-C200-4836-8CC2-355EFFD00EE8}
		{4886EEA4-5933-4D41-B96D-417FA510DFC9} = {E3D65C26-F745-40BE-BAD6-2BA0C0A50E22}
		{69F6C64C-C369-42D3-ABB9-F8C12091E338} = {E4336425-9919-430E-912E-B98D85E3C7B3}
		{5B037D81-FF81-4098-90EE-2A41B28C7A47} = {873BCBDD-0455-4D05-928A-28485498178A}
		{074B2D6D-1D96-4B29-80FC-0FA494CE1027} = {5B037D81-FF81-4098-90EE-2A41B28C7A47}
		{0E4545A9-493C-4EA3-A5E0-BF5900C2F1BA} = {E4336425-9919-430E-912E-B98D85E3C7B3}
		{1102C256-B2A3-4EAF-883B-A3585C7DE2BE} = {E4336425-9919-430E-912E-B98D85E3C7B3}
		{6EE7E47D-464B-4B0A-A59E-4FAD81A49251} = {E4336425-9919-430E-912E-B98D85E3C7B3}
		{8FF5BAC9-CD74-4CB2-858B-E0E68C4DCE3F} = {E4336425-9919-430E-912E-B98D85E3C7B3}
		{4B140AB8-7739-4B1A-9479-77185DEF6AC5} = {E4336425-9919-430E-912E-B98D85E3C7B3}
		{F61B7391-CF6E-4D1A-97B0-8CFFD37096C5} = {E4336425-9919-430E-912E-B98D85E3C7B3}
		{A2134BFD-4731-4580-AD1D-16BB630D21EC} = {E4336425-9919-430E-912E-B98D85E3C7B3}
		{BA0FECA4-2182-4097-B441-83C61B203411} = {E4336425-9919-430E-912E-B98D85E3C7B3}
		{CC6B25DB-F5A4-411E-8BF5-9AF21BCB4F24} = {E4336425-9919-430E-912E-B98D85E3C7B3}
		{20B970FA-536E-4718-AB22-612CD1D72DC2} = {E4336425-9919-430E-912E-B98D85E3C7B3}
		{F9B60E6C-4EEC-4136-81C3-D79BAA1F12C8} = {E4336425-9919-430E-912E-B98D85E3C7B3}
		{5AA80C9E-C449-4D5D-89DE-5199DF1E668A} = {E4336425-9919-430E-912E-B98D85E3C7B3}
		{589FC66C-1B52-4B23-B9D2-50F9FC072DB4} = {E4336425-9919-430E-912E-B98D85E3C7B3}
		{EE975C58-AFD0-4070-AB6C-67A646E3A6DA} = {E4336425-9919-430E-912E-B98D85E3C7B3}
		{B671760F-DA81-48AF-8049-29DDC25B75C3} = {E4336425-9919-430E-912E-B98D85E3C7B3}
		{C7075680-06A0-48A1-B664-E89726153EBA} = {E4336425-9919-430E-912E-B98D85E3C7B3}
	EndGlobalSection
EndGlobal
