
Microsoft Visual Studio Solution File, Format Version 12.00
# Visual Studio Version 17
VisualStudioVersion = 17.0.31903.59
MinimumVisualStudioVersion = 10.0.40219.1
Project("{2150E333-8FDC-42A3-9474-1A3956D46DE8}") = "src", "src", "{F10CDF56-C200-4836-8CC2-355EFFD00EE8}"
EndProject
Project("{FAE04EC0-301F-11D3-BF4B-00C04F79EFBC}") = "FacilityOS.Shared", "src\FacilityOS.Shared\FacilityOS.Shared.csproj", "{5A32A446-F7AD-4917-88B7-BB1E89F8FE27}"
EndProject
Project("{2150E333-8FDC-42A3-9474-1A3956D46DE8}") = "tests", "tests", "{873BCBDD-0455-4D05-928A-28485498178A}"
EndProject
Project("{FAE04EC0-301F-11D3-BF4B-00C04F79EFBC}") = "FacilityOS.UnitTests", "tests\FacilityOS.UnitTests\FacilityOS.UnitTests.csproj", "{04F19BA9-C59D-462E-A402-E37A6023ADF5}"
EndProject
Project("{FAE04EC0-301F-11D3-BF4B-00C04F79EFBC}") = "FacilityOS.Infrastructure", "src\FacilityOS.Infrastructure\FacilityOS.Infrastructure.csproj", "{8D1515F6-BCB1-4ACF-AF0E-4B2D970815D1}"
EndProject
Project("{2150E333-8FDC-42A3-9474-1A3956D46DE8}") = "modules", "modules", "{E4336425-9919-430E-912E-B98D85E3C7B3}"
EndProject
Project("{FAE04EC0-301F-11D3-BF4B-00C04F79EFBC}") = "FacilityOS.Modules.Maintenance", "src\modules\Maintenance\FacilityOS.Modules.Maintenance.csproj", "{7A7B4783-89EF-4B95-B1B1-12FD854D496F}"
EndProject
Project("{2150E333-8FDC-42A3-9474-1A3956D46DE8}") = "FacilityOS.Api", "FacilityOS.Api", "{E3D65C26-F745-40BE-BAD6-2BA0C0A50E22}"
EndProject
Project("{FAE04EC0-301F-11D3-BF4B-00C04F79EFBC}") = "FacilityOS.Api", "src\FacilityOS.Api\FacilityOS.Api\FacilityOS.Api.csproj", "{4886EEA4-5933-4D41-B96D-417FA510DFC9}"
EndProject
Project("{FAE04EC0-301F-11D3-BF4B-00C04F79EFBC}") = "FacilityOS.Modules.Maintenance.Domain", "src\modules\Maintenance.Domain\FacilityOS.Modules.Maintenance.Domain.csproj", "{69F6C64C-C369-42D3-ABB9-F8C12091E338}"
EndProject
Project("{2150E333-8FDC-42A3-9474-1A3956D46DE8}") = "FacilityOS.IntegrationTests", "FacilityOS.IntegrationTests", "{5B037D81-FF81-4098-90EE-2A41B28C7A47}"
EndProject
Project("{FAE04EC0-301F-11D3-BF4B-00C04F79EFBC}") = "FacilityOS.IntegrationTests", "tests\FacilityOS.IntegrationTests\FacilityOS.IntegrationTests\FacilityOS.IntegrationTests.csproj", "{074B2D6D-1D96-4B29-80FC-0FA494CE1027}"
EndProject
Project("{FAE04EC0-301F-11D3-BF4B-00C04F79EFBC}") = "FacilityOS.Modules.Asset.Domain", "src\modules\Asset.Domain\FacilityOS.Modules.Asset.Domain.csproj", "{0E4545A9-493C-4EA3-A5E0-BF5900C2F1BA}"
EndProject
Project("{FAE04EC0-301F-11D3-BF4B-00C04F79EFBC}") = "FacilityOS.Modules.Asset", "src\modules\Asset\FacilityOS.Modules.Asset.csproj", "{1102C256-B2A3-4EAF-883B-A3585C7DE2BE}"
EndProject
Global
	GlobalSection(SolutionConfigurationPlatforms) = preSolution
		Debug|Any CPU = Debug|Any CPU
		Release|Any CPU = Release|Any CPU
	EndGlobalSection
	GlobalSection(SolutionProperties) = preSolution
		HideSolutionNode = FALSE
	EndGlobalSection
	GlobalSection(ProjectConfigurationPlatforms) = postSolution
		{5A32A446-F7AD-4917-88B7-BB1E89F8FE27}.Debug|Any CPU.ActiveCfg = Debug|Any CPU
		{5A32A446-F7AD-4917-88B7-BB1E89F8FE27}.Debug|Any CPU.Build.0 = Debug|Any CPU
		{5A32A446-F7AD-4917-88B7-BB1E89F8FE27}.Release|Any CPU.ActiveCfg = Release|Any CPU
		{5A32A446-F7AD-4917-88B7-BB1E89F8FE27}.Release|Any CPU.Build.0 = Release|Any CPU
		{04F19BA9-C59D-462E-A402-E37A6023ADF5}.Debug|Any CPU.ActiveCfg = Debug|Any CPU
		{04F19BA9-C59D-462E-A402-E37A6023ADF5}.Debug|Any CPU.Build.0 = Debug|Any CPU
		{04F19BA9-C59D-462E-A402-E37A6023ADF5}.Release|Any CPU.ActiveCfg = Release|Any CPU
		{04F19BA9-C59D-462E-A402-E37A6023ADF5}.Release|Any CPU.Build.0 = Release|Any CPU
		{8D1515F6-BCB1-4ACF-AF0E-4B2D970815D1}.Debug|Any CPU.ActiveCfg = Debug|Any CPU
		{8D1515F6-BCB1-4ACF-AF0E-4B2D970815D1}.Debug|Any CPU.Build.0 = Debug|Any CPU
		{8D1515F6-BCB1-4ACF-AF0E-4B2D970815D1}.Release|Any CPU.ActiveCfg = Release|Any CPU
		{8D1515F6-BCB1-4ACF-AF0E-4B2D970815D1}.Release|Any CPU.Build.0 = Release|Any CPU
		{7A7B4783-89EF-4B95-B1B1-12FD854D496F}.Debug|Any CPU.ActiveCfg = Debug|Any CPU
		{7A7B4783-89EF-4B95-B1B1-12FD854D496F}.Debug|Any CPU.Build.0 = Debug|Any CPU
		{7A7B4783-89EF-4B95-B1B1-12FD854D496F}.Release|Any CPU.ActiveCfg = Release|Any CPU
		{7A7B4783-89EF-4B95-B1B1-12FD854D496F}.Release|Any CPU.Build.0 = Release|Any CPU
		{4886EEA4-5933-4D41-B96D-417FA510DFC9}.Debug|Any CPU.ActiveCfg = Debug|Any CPU
		{4886EEA4-5933-4D41-B96D-417FA510DFC9}.Debug|Any CPU.Build.0 = Debug|Any CPU
		{4886EEA4-5933-4D41-B96D-417FA510DFC9}.Release|Any CPU.ActiveCfg = Release|Any CPU
		{4886EEA4-5933-4D41-B96D-417FA510DFC9}.Release|Any CPU.Build.0 = Release|Any CPU
		{69F6C64C-C369-42D3-ABB9-F8C12091E338}.Debug|Any CPU.ActiveCfg = Debug|Any CPU
		{69F6C64C-C369-42D3-ABB9-F8C12091E338}.Debug|Any CPU.Build.0 = Debug|Any CPU
		{69F6C64C-C369-42D3-ABB9-F8C12091E338}.Release|Any CPU.ActiveCfg = Release|Any CPU
		{69F6C64C-C369-42D3-ABB9-F8C12091E338}.Release|Any CPU.Build.0 = Release|Any CPU
		{074B2D6D-1D96-4B29-80FC-0FA494CE1027}.Debug|Any CPU.ActiveCfg = Debug|Any CPU
		{074B2D6D-1D96-4B29-80FC-0FA494CE1027}.Debug|Any CPU.Build.0 = Debug|Any CPU
		{074B2D6D-1D96-4B29-80FC-0FA494CE1027}.Release|Any CPU.ActiveCfg = Release|Any CPU
		{074B2D6D-1D96-4B29-80FC-0FA494CE1027}.Release|Any CPU.Build.0 = Release|Any CPU
		{0E4545A9-493C-4EA3-A5E0-BF5900C2F1BA}.Debug|Any CPU.ActiveCfg = Debug|Any CPU
		{0E4545A9-493C-4EA3-A5E0-BF5900C2F1BA}.Debug|Any CPU.Build.0 = Debug|Any CPU
		{0E4545A9-493C-4EA3-A5E0-BF5900C2F1BA}.Release|Any CPU.ActiveCfg = Release|Any CPU
		{0E4545A9-493C-4EA3-A5E0-BF5900C2F1BA}.Release|Any CPU.Build.0 = Release|Any CPU
		{1102C256-B2A3-4EAF-883B-A3585C7DE2BE}.Debug|Any CPU.ActiveCfg = Debug|Any CPU
		{1102C256-B2A3-4EAF-883B-A3585C7DE2BE}.Debug|Any CPU.Build.0 = Debug|Any CPU
		{1102C256-B2A3-4EAF-883B-A3585C7DE2BE}.Release|Any CPU.ActiveCfg = Release|Any CPU
		{1102C256-B2A3-4EAF-883B-A3585C7DE2BE}.Release|Any CPU.Build.0 = Release|Any CPU
	EndGlobalSection
	GlobalSection(NestedProjects) = preSolution
		{5A32A446-F7AD-4917-88B7-BB1E89F8FE27} = {F10CDF56-C200-4836-8CC2-355EFFD00EE8}
		{04F19BA9-C59D-462E-A402-E37A6023ADF5} = {873BCBDD-0455-4D05-928A-28485498178A}
		{8D1515F6-BCB1-4ACF-AF0E-4B2D970815D1} = {F10CDF56-C200-4836-8CC2-355EFFD00EE8}
		{E4336425-9919-430E-912E-B98D85E3C7B3} = {F10CDF56-C200-4836-8CC2-355EFFD00EE8}
		{7A7B4783-89EF-4B95-B1B1-12FD854D496F} = {E4336425-9919-430E-912E-B98D85E3C7B3}
		{E3D65C26-F745-40BE-BAD6-2BA0C0A50E22} = {F10CDF56-C200-4836-8CC2-355EFFD00EE8}
		{4886EEA4-5933-4D41-B96D-417FA510DFC9} = {E3D65C26-F745-40BE-BAD6-2BA0C0A50E22}
		{69F6C64C-C369-42D3-ABB9-F8C12091E338} = {E4336425-9919-430E-912E-B98D85E3C7B3}
		{5B037D81-FF81-4098-90EE-2A41B28C7A47} = {873BCBDD-0455-4D05-928A-28485498178A}
		{074B2D6D-1D96-4B29-80FC-0FA494CE1027} = {5B037D81-FF81-4098-90EE-2A41B28C7A47}
		{0E4545A9-493C-4EA3-A5E0-BF5900C2F1BA} = {E4336425-9919-430E-912E-B98D85E3C7B3}
		{1102C256-B2A3-4EAF-883B-A3585C7DE2BE} = {E4336425-9919-430E-912E-B98D85E3C7B3}
	EndGlobalSection
EndGlobal
